// !$*UTF8*$!
{
	archiveVersion = 1;
	classes = {
	};
	objectVersion = 50;
	objects = {

/* Begin PBXBuildFile section */
		BE06AF6B24A6504300C86374 /* Environment.swift in Sources */ = {isa = PBXBuildFile; fileRef = BE06AF6A24A6504300C86374 /* Environment.swift */; };
		BE06AF7124A6853D00C86374 /* ApiClient.swift in Sources */ = {isa = PBXBuildFile; fileRef = BE06AF7024A6853D00C86374 /* ApiClient.swift */; };
		BE2BE11624A2494B00927A6E /* AppDelegate.swift in Sources */ = {isa = PBXBuildFile; fileRef = BE2BE11524A2494B00927A6E /* AppDelegate.swift */; };
		BE2BE11824A2494B00927A6E /* SceneDelegate.swift in Sources */ = {isa = PBXBuildFile; fileRef = BE2BE11724A2494B00927A6E /* SceneDelegate.swift */; };
		BE2BE11A24A2494B00927A6E /* TodoList.swift in Sources */ = {isa = PBXBuildFile; fileRef = BE2BE11924A2494B00927A6E /* TodoList.swift */; };
		BE2BE11C24A2494D00927A6E /* Assets.xcassets in Resources */ = {isa = PBXBuildFile; fileRef = BE2BE11B24A2494D00927A6E /* Assets.xcassets */; };
		BE2BE11F24A2494D00927A6E /* Preview Assets.xcassets in Resources */ = {isa = PBXBuildFile; fileRef = BE2BE11E24A2494D00927A6E /* Preview Assets.xcassets */; };
		BE2BE12D24A2494D00927A6E /* TodoAppTests.swift in Sources */ = {isa = PBXBuildFile; fileRef = BE2BE12C24A2494D00927A6E /* TodoAppTests.swift */; };
		BE2BE13824A2494D00927A6E /* TodoAppUITests.swift in Sources */ = {isa = PBXBuildFile; fileRef = BE2BE13724A2494D00927A6E /* TodoAppUITests.swift */; };
		BE2BE14E24A2522D00927A6E /* TodoRow.swift in Sources */ = {isa = PBXBuildFile; fileRef = BE2BE14D24A2522D00927A6E /* TodoRow.swift */; };
		BE2BE15024A2645300927A6E /* Todo.swift in Sources */ = {isa = PBXBuildFile; fileRef = BE2BE14F24A2645300927A6E /* Todo.swift */; };
		BE2BE15C24A2A3C100927A6E /* RemainingDate.swift in Sources */ = {isa = PBXBuildFile; fileRef = BE2BE15B24A2A3C100927A6E /* RemainingDate.swift */; };
		BE2BE15D24A2A3C100927A6E /* RemainingDate.swift in Sources */ = {isa = PBXBuildFile; fileRef = BE2BE15B24A2A3C100927A6E /* RemainingDate.swift */; };
		BE2BE15E24A2A3C100927A6E /* RemainingDate.swift in Sources */ = {isa = PBXBuildFile; fileRef = BE2BE15B24A2A3C100927A6E /* RemainingDate.swift */; };
		BE2BE16424A2A45B00927A6E /* RemainingDateTests.swift in Sources */ = {isa = PBXBuildFile; fileRef = BE2BE16324A2A45B00927A6E /* RemainingDateTests.swift */; };
		BE2BE16724A3D30000927A6E /* TodoFixtures.swift in Sources */ = {isa = PBXBuildFile; fileRef = BE2BE16624A3D30000927A6E /* TodoFixtures.swift */; };
		BE2BE17124A3FAA300927A6E /* TodoDetail.swift in Sources */ = {isa = PBXBuildFile; fileRef = BE2BE17024A3FAA300927A6E /* TodoDetail.swift */; };
		BE2BE17624A4A04300927A6E /* EventRow.swift in Sources */ = {isa = PBXBuildFile; fileRef = BE2BE17524A4A04300927A6E /* EventRow.swift */; };
		BE2BE17824A4AEFC00927A6E /* EditTodo.swift in Sources */ = {isa = PBXBuildFile; fileRef = BE2BE17724A4AEFC00927A6E /* EditTodo.swift */; };
/* End PBXBuildFile section */

/* Begin PBXContainerItemProxy section */
		BE2BE12924A2494D00927A6E /* PBXContainerItemProxy */ = {
			isa = PBXContainerItemProxy;
			containerPortal = BE2BE10A24A2494B00927A6E /* Project object */;
			proxyType = 1;
			remoteGlobalIDString = BE2BE11124A2494B00927A6E;
			remoteInfo = TodoApp;
		};
		BE2BE13424A2494D00927A6E /* PBXContainerItemProxy */ = {
			isa = PBXContainerItemProxy;
			containerPortal = BE2BE10A24A2494B00927A6E /* Project object */;
			proxyType = 1;
			remoteGlobalIDString = BE2BE11124A2494B00927A6E;
			remoteInfo = TodoApp;
		};
/* End PBXContainerItemProxy section */

/* Begin PBXFileReference section */
		BE06AF6A24A6504300C86374 /* Environment.swift */ = {isa = PBXFileReference; lastKnownFileType = sourcecode.swift; path = Environment.swift; sourceTree = "<group>"; };
		BE06AF7024A6853D00C86374 /* ApiClient.swift */ = {isa = PBXFileReference; lastKnownFileType = sourcecode.swift; path = ApiClient.swift; sourceTree = "<group>"; };
		BE2BE11224A2494B00927A6E /* TodoApp.app */ = {isa = PBXFileReference; explicitFileType = wrapper.application; includeInIndex = 0; path = TodoApp.app; sourceTree = BUILT_PRODUCTS_DIR; };
		BE2BE11524A2494B00927A6E /* AppDelegate.swift */ = {isa = PBXFileReference; lastKnownFileType = sourcecode.swift; path = AppDelegate.swift; sourceTree = "<group>"; };
		BE2BE11724A2494B00927A6E /* SceneDelegate.swift */ = {isa = PBXFileReference; lastKnownFileType = sourcecode.swift; path = SceneDelegate.swift; sourceTree = "<group>"; };
		BE2BE11924A2494B00927A6E /* TodoList.swift */ = {isa = PBXFileReference; lastKnownFileType = sourcecode.swift; path = TodoList.swift; sourceTree = "<group>"; };
		BE2BE11B24A2494D00927A6E /* Assets.xcassets */ = {isa = PBXFileReference; lastKnownFileType = folder.assetcatalog; path = Assets.xcassets; sourceTree = "<group>"; };
		BE2BE11E24A2494D00927A6E /* Preview Assets.xcassets */ = {isa = PBXFileReference; lastKnownFileType = folder.assetcatalog; path = "Preview Assets.xcassets"; sourceTree = "<group>"; };
		BE2BE12324A2494D00927A6E /* Info.plist */ = {isa = PBXFileReference; lastKnownFileType = text.plist.xml; path = Info.plist; sourceTree = "<group>"; };
		BE2BE12824A2494D00927A6E /* TodoAppTests.xctest */ = {isa = PBXFileReference; explicitFileType = wrapper.cfbundle; includeInIndex = 0; path = TodoAppTests.xctest; sourceTree = BUILT_PRODUCTS_DIR; };
		BE2BE12C24A2494D00927A6E /* TodoAppTests.swift */ = {isa = PBXFileReference; lastKnownFileType = sourcecode.swift; path = TodoAppTests.swift; sourceTree = "<group>"; };
		BE2BE12E24A2494D00927A6E /* Info.plist */ = {isa = PBXFileReference; lastKnownFileType = text.plist.xml; path = Info.plist; sourceTree = "<group>"; };
		BE2BE13324A2494D00927A6E /* TodoAppUITests.xctest */ = {isa = PBXFileReference; explicitFileType = wrapper.cfbundle; includeInIndex = 0; path = TodoAppUITests.xctest; sourceTree = BUILT_PRODUCTS_DIR; };
		BE2BE13724A2494D00927A6E /* TodoAppUITests.swift */ = {isa = PBXFileReference; lastKnownFileType = sourcecode.swift; path = TodoAppUITests.swift; sourceTree = "<group>"; };
		BE2BE13924A2494D00927A6E /* Info.plist */ = {isa = PBXFileReference; lastKnownFileType = text.plist.xml; path = Info.plist; sourceTree = "<group>"; };
		BE2BE14D24A2522D00927A6E /* TodoRow.swift */ = {isa = PBXFileReference; lastKnownFileType = sourcecode.swift; path = TodoRow.swift; sourceTree = "<group>"; };
		BE2BE14F24A2645300927A6E /* Todo.swift */ = {isa = PBXFileReference; lastKnownFileType = sourcecode.swift; path = Todo.swift; sourceTree = "<group>"; };
		BE2BE15B24A2A3C100927A6E /* RemainingDate.swift */ = {isa = PBXFileReference; lastKnownFileType = sourcecode.swift; path = RemainingDate.swift; sourceTree = "<group>"; };
		BE2BE16324A2A45B00927A6E /* RemainingDateTests.swift */ = {isa = PBXFileReference; lastKnownFileType = sourcecode.swift; path = RemainingDateTests.swift; sourceTree = "<group>"; };
		BE2BE16624A3D30000927A6E /* TodoFixtures.swift */ = {isa = PBXFileReference; lastKnownFileType = sourcecode.swift; path = TodoFixtures.swift; sourceTree = "<group>"; };
		BE2BE17024A3FAA300927A6E /* TodoDetail.swift */ = {isa = PBXFileReference; lastKnownFileType = sourcecode.swift; path = TodoDetail.swift; sourceTree = "<group>"; };
		BE2BE17524A4A04300927A6E /* EventRow.swift */ = {isa = PBXFileReference; lastKnownFileType = sourcecode.swift; path = EventRow.swift; sourceTree = "<group>"; };
		BE2BE17724A4AEFC00927A6E /* EditTodo.swift */ = {isa = PBXFileReference; lastKnownFileType = sourcecode.swift; path = EditTodo.swift; sourceTree = "<group>"; };
/* End PBXFileReference section */

/* Begin PBXFrameworksBuildPhase section */
		BE2BE10F24A2494B00927A6E /* Frameworks */ = {
			isa = PBXFrameworksBuildPhase;
			buildActionMask = 2147483647;
			files = (
			);
			runOnlyForDeploymentPostprocessing = 0;
		};
		BE2BE12524A2494D00927A6E /* Frameworks */ = {
			isa = PBXFrameworksBuildPhase;
			buildActionMask = 2147483647;
			files = (
			);
			runOnlyForDeploymentPostprocessing = 0;
		};
		BE2BE13024A2494D00927A6E /* Frameworks */ = {
			isa = PBXFrameworksBuildPhase;
			buildActionMask = 2147483647;
			files = (
			);
			runOnlyForDeploymentPostprocessing = 0;
		};
/* End PBXFrameworksBuildPhase section */

/* Begin PBXGroup section */
		BE2BE10924A2494B00927A6E = {
			isa = PBXGroup;
			children = (
				BE2BE11424A2494B00927A6E /* TodoApp */,
				BE2BE12B24A2494D00927A6E /* TodoAppTests */,
				BE2BE13624A2494D00927A6E /* TodoAppUITests */,
				BE2BE11324A2494B00927A6E /* Products */,
			);
			sourceTree = "<group>";
		};
		BE2BE11324A2494B00927A6E /* Products */ = {
			isa = PBXGroup;
			children = (
				BE2BE11224A2494B00927A6E /* TodoApp.app */,
				BE2BE12824A2494D00927A6E /* TodoAppTests.xctest */,
				BE2BE13324A2494D00927A6E /* TodoAppUITests.xctest */,
			);
			name = Products;
			sourceTree = "<group>";
		};
		BE2BE11424A2494B00927A6E /* TodoApp */ = {
			isa = PBXGroup;
			children = (
				BE2BE15124A2A33B00927A6E /* Utils */,
				BE2BE14A24A2517B00927A6E /* Services */,
				BE2BE14924A2516600927A6E /* Data */,
				BE2BE14824A2516100927A6E /* Models */,
				BE2BE14524A250EB00927A6E /* Views */,
				BE2BE11524A2494B00927A6E /* AppDelegate.swift */,
				BE2BE11724A2494B00927A6E /* SceneDelegate.swift */,
				BE2BE11B24A2494D00927A6E /* Assets.xcassets */,
				BE2BE12324A2494D00927A6E /* Info.plist */,
				BE2BE11D24A2494D00927A6E /* Preview Content */,
				BE06AF6A24A6504300C86374 /* Environment.swift */,
			);
			path = TodoApp;
			sourceTree = "<group>";
		};
		BE2BE11D24A2494D00927A6E /* Preview Content */ = {
			isa = PBXGroup;
			children = (
				BE2BE11E24A2494D00927A6E /* Preview Assets.xcassets */,
			);
			path = "Preview Content";
			sourceTree = "<group>";
		};
		BE2BE12B24A2494D00927A6E /* TodoAppTests */ = {
			isa = PBXGroup;
			children = (
				BE2BE15624A2A38B00927A6E /* Utils */,
				BE2BE12C24A2494D00927A6E /* TodoAppTests.swift */,
				BE2BE12E24A2494D00927A6E /* Info.plist */,
			);
			path = TodoAppTests;
			sourceTree = "<group>";
		};
		BE2BE13624A2494D00927A6E /* TodoAppUITests */ = {
			isa = PBXGroup;
			children = (
				BE2BE13724A2494D00927A6E /* TodoAppUITests.swift */,
				BE2BE13924A2494D00927A6E /* Info.plist */,
			);
			path = TodoAppUITests;
			sourceTree = "<group>";
		};
		BE2BE14524A250EB00927A6E /* Views */ = {
			isa = PBXGroup;
			children = (
				BE2BE14724A2512F00927A6E /* Shared */,
				BE2BE14624A2510E00927A6E /* Screen */,
			);
			path = Views;
			sourceTree = "<group>";
		};
		BE2BE14624A2510E00927A6E /* Screen */ = {
			isa = PBXGroup;
			children = (
				BE2BE11924A2494B00927A6E /* TodoList.swift */,
				BE2BE17024A3FAA300927A6E /* TodoDetail.swift */,
				BE2BE17724A4AEFC00927A6E /* EditTodo.swift */,
			);
			path = Screen;
			sourceTree = "<group>";
		};
		BE2BE14724A2512F00927A6E /* Shared */ = {
			isa = PBXGroup;
			children = (
				BE2BE14D24A2522D00927A6E /* TodoRow.swift */,
				BE2BE17524A4A04300927A6E /* EventRow.swift */,
			);
			path = Shared;
			sourceTree = "<group>";
		};
		BE2BE14824A2516100927A6E /* Models */ = {
			isa = PBXGroup;
			children = (
				BE2BE14F24A2645300927A6E /* Todo.swift */,
			);
			path = Models;
			sourceTree = "<group>";
		};
		BE2BE14924A2516600927A6E /* Data */ = {
			isa = PBXGroup;
			children = (
				BE2BE16524A3D2EA00927A6E /* Fixtures */,
			);
			path = Data;
			sourceTree = "<group>";
		};
		BE2BE14A24A2517B00927A6E /* Services */ = {
			isa = PBXGroup;
			children = (
				BE06AF7024A6853D00C86374 /* ApiClient.swift */,
			);
			path = Services;
			sourceTree = "<group>";
		};
		BE2BE15124A2A33B00927A6E /* Utils */ = {
			isa = PBXGroup;
			children = (
				BE2BE15B24A2A3C100927A6E /* RemainingDate.swift */,
			);
			path = Utils;
			sourceTree = "<group>";
		};
		BE2BE15624A2A38B00927A6E /* Utils */ = {
			isa = PBXGroup;
			children = (
				BE2BE16324A2A45B00927A6E /* RemainingDateTests.swift */,
			);
			path = Utils;
			sourceTree = "<group>";
		};
		BE2BE16524A3D2EA00927A6E /* Fixtures */ = {
			isa = PBXGroup;
			children = (
				BE2BE16624A3D30000927A6E /* TodoFixtures.swift */,
			);
			path = Fixtures;
			sourceTree = "<group>";
		};
/* End PBXGroup section */

/* Begin PBXNativeTarget section */
		BE2BE11124A2494B00927A6E /* TodoApp */ = {
			isa = PBXNativeTarget;
			buildConfigurationList = BE2BE13C24A2494D00927A6E /* Build configuration list for PBXNativeTarget "TodoApp" */;
			buildPhases = (
				BE2BE10E24A2494B00927A6E /* Sources */,
				BE2BE10F24A2494B00927A6E /* Frameworks */,
				BE2BE11024A2494B00927A6E /* Resources */,
			);
			buildRules = (
			);
			dependencies = (
			);
			name = TodoApp;
			productName = TodoApp;
			productReference = BE2BE11224A2494B00927A6E /* TodoApp.app */;
			productType = "com.apple.product-type.application";
		};
		BE2BE12724A2494D00927A6E /* TodoAppTests */ = {
			isa = PBXNativeTarget;
			buildConfigurationList = BE2BE13F24A2494D00927A6E /* Build configuration list for PBXNativeTarget "TodoAppTests" */;
			buildPhases = (
				BE2BE12424A2494D00927A6E /* Sources */,
				BE2BE12524A2494D00927A6E /* Frameworks */,
				BE2BE12624A2494D00927A6E /* Resources */,
			);
			buildRules = (
			);
			dependencies = (
				BE2BE12A24A2494D00927A6E /* PBXTargetDependency */,
			);
			name = TodoAppTests;
			productName = TodoAppTests;
			productReference = BE2BE12824A2494D00927A6E /* TodoAppTests.xctest */;
			productType = "com.apple.product-type.bundle.unit-test";
		};
		BE2BE13224A2494D00927A6E /* TodoAppUITests */ = {
			isa = PBXNativeTarget;
			buildConfigurationList = BE2BE14224A2494D00927A6E /* Build configuration list for PBXNativeTarget "TodoAppUITests" */;
			buildPhases = (
				BE2BE12F24A2494D00927A6E /* Sources */,
				BE2BE13024A2494D00927A6E /* Frameworks */,
				BE2BE13124A2494D00927A6E /* Resources */,
			);
			buildRules = (
			);
			dependencies = (
				BE2BE13524A2494D00927A6E /* PBXTargetDependency */,
			);
			name = TodoAppUITests;
			productName = TodoAppUITests;
			productReference = BE2BE13324A2494D00927A6E /* TodoAppUITests.xctest */;
			productType = "com.apple.product-type.bundle.ui-testing";
		};
/* End PBXNativeTarget section */

/* Begin PBXProject section */
		BE2BE10A24A2494B00927A6E /* Project object */ = {
			isa = PBXProject;
			attributes = {
				LastSwiftUpdateCheck = 1150;
				LastUpgradeCheck = 1150;
				ORGANIZATIONNAME = "Emre Akinci";
				TargetAttributes = {
					BE2BE11124A2494B00927A6E = {
						CreatedOnToolsVersion = 11.5;
					};
					BE2BE12724A2494D00927A6E = {
						CreatedOnToolsVersion = 11.5;
						TestTargetID = BE2BE11124A2494B00927A6E;
					};
					BE2BE13224A2494D00927A6E = {
						CreatedOnToolsVersion = 11.5;
						TestTargetID = BE2BE11124A2494B00927A6E;
					};
				};
			};
			buildConfigurationList = BE2BE10D24A2494B00927A6E /* Build configuration list for PBXProject "TodoApp" */;
			compatibilityVersion = "Xcode 9.3";
			developmentRegion = en;
			hasScannedForEncodings = 0;
			knownRegions = (
				en,
				Base,
			);
			mainGroup = BE2BE10924A2494B00927A6E;
			productRefGroup = BE2BE11324A2494B00927A6E /* Products */;
			projectDirPath = "";
			projectRoot = "";
			targets = (
				BE2BE11124A2494B00927A6E /* TodoApp */,
				BE2BE12724A2494D00927A6E /* TodoAppTests */,
				BE2BE13224A2494D00927A6E /* TodoAppUITests */,
			);
		};
/* End PBXProject section */

/* Begin PBXResourcesBuildPhase section */
		BE2BE11024A2494B00927A6E /* Resources */ = {
			isa = PBXResourcesBuildPhase;
			buildActionMask = 2147483647;
			files = (
				BE2BE11F24A2494D00927A6E /* Preview Assets.xcassets in Resources */,
				BE2BE11C24A2494D00927A6E /* Assets.xcassets in Resources */,
			);
			runOnlyForDeploymentPostprocessing = 0;
		};
		BE2BE12624A2494D00927A6E /* Resources */ = {
			isa = PBXResourcesBuildPhase;
			buildActionMask = 2147483647;
			files = (
			);
			runOnlyForDeploymentPostprocessing = 0;
		};
		BE2BE13124A2494D00927A6E /* Resources */ = {
			isa = PBXResourcesBuildPhase;
			buildActionMask = 2147483647;
			files = (
			);
			runOnlyForDeploymentPostprocessing = 0;
		};
/* End PBXResourcesBuildPhase section */

/* Begin PBXSourcesBuildPhase section */
		BE2BE10E24A2494B00927A6E /* Sources */ = {
			isa = PBXSourcesBuildPhase;
			buildActionMask = 2147483647;
			files = (
				BE2BE11624A2494B00927A6E /* AppDelegate.swift in Sources */,
				BE06AF6B24A6504300C86374 /* Environment.swift in Sources */,
				BE2BE17624A4A04300927A6E /* EventRow.swift in Sources */,
				BE2BE15C24A2A3C100927A6E /* RemainingDate.swift in Sources */,
				BE2BE17124A3FAA300927A6E /* TodoDetail.swift in Sources */,
				BE2BE16724A3D30000927A6E /* TodoFixtures.swift in Sources */,
				BE2BE11824A2494B00927A6E /* SceneDelegate.swift in Sources */,
				BE06AF7124A6853D00C86374 /* ApiClient.swift in Sources */,
				BE2BE14E24A2522D00927A6E /* TodoRow.swift in Sources */,
				BE2BE17824A4AEFC00927A6E /* EditTodo.swift in Sources */,
				BE2BE11A24A2494B00927A6E /* TodoList.swift in Sources */,
				BE2BE15024A2645300927A6E /* Todo.swift in Sources */,
			);
			runOnlyForDeploymentPostprocessing = 0;
		};
		BE2BE12424A2494D00927A6E /* Sources */ = {
			isa = PBXSourcesBuildPhase;
			buildActionMask = 2147483647;
			files = (
				BE2BE12D24A2494D00927A6E /* TodoAppTests.swift in Sources */,
				BE2BE16424A2A45B00927A6E /* RemainingDateTests.swift in Sources */,
				BE2BE15D24A2A3C100927A6E /* RemainingDate.swift in Sources */,
			);
			runOnlyForDeploymentPostprocessing = 0;
		};
		BE2BE12F24A2494D00927A6E /* Sources */ = {
			isa = PBXSourcesBuildPhase;
			buildActionMask = 2147483647;
			files = (
				BE2BE13824A2494D00927A6E /* TodoAppUITests.swift in Sources */,
				BE2BE15E24A2A3C100927A6E /* RemainingDate.swift in Sources */,
			);
			runOnlyForDeploymentPostprocessing = 0;
		};
/* End PBXSourcesBuildPhase section */

/* Begin PBXTargetDependency section */
		BE2BE12A24A2494D00927A6E /* PBXTargetDependency */ = {
			isa = PBXTargetDependency;
			target = BE2BE11124A2494B00927A6E /* TodoApp */;
			targetProxy = BE2BE12924A2494D00927A6E /* PBXContainerItemProxy */;
		};
		BE2BE13524A2494D00927A6E /* PBXTargetDependency */ = {
			isa = PBXTargetDependency;
			target = BE2BE11124A2494B00927A6E /* TodoApp */;
			targetProxy = BE2BE13424A2494D00927A6E /* PBXContainerItemProxy */;
		};
/* End PBXTargetDependency section */

/* Begin XCBuildConfiguration section */
		BE2BE13A24A2494D00927A6E /* Debug */ = {
			isa = XCBuildConfiguration;
			buildSettings = {
				ALWAYS_SEARCH_USER_PATHS = NO;
				CLANG_ANALYZER_NONNULL = YES;
				CLANG_ANALYZER_NUMBER_OBJECT_CONVERSION = YES_AGGRESSIVE;
				CLANG_CXX_LANGUAGE_STANDARD = "gnu++14";
				CLANG_CXX_LIBRARY = "libc++";
				CLANG_ENABLE_MODULES = YES;
				CLANG_ENABLE_OBJC_ARC = YES;
				CLANG_ENABLE_OBJC_WEAK = YES;
				CLANG_WARN_BLOCK_CAPTURE_AUTORELEASING = YES;
				CLANG_WARN_BOOL_CONVERSION = YES;
				CLANG_WARN_COMMA = YES;
				CLANG_WARN_CONSTANT_CONVERSION = YES;
				CLANG_WARN_DEPRECATED_OBJC_IMPLEMENTATIONS = YES;
				CLANG_WARN_DIRECT_OBJC_ISA_USAGE = YES_ERROR;
				CLANG_WARN_DOCUMENTATION_COMMENTS = YES;
				CLANG_WARN_EMPTY_BODY = YES;
				CLANG_WARN_ENUM_CONVERSION = YES;
				CLANG_WARN_INFINITE_RECURSION = YES;
				CLANG_WARN_INT_CONVERSION = YES;
				CLANG_WARN_NON_LITERAL_NULL_CONVERSION = YES;
				CLANG_WARN_OBJC_IMPLICIT_RETAIN_SELF = YES;
				CLANG_WARN_OBJC_LITERAL_CONVERSION = YES;
				CLANG_WARN_OBJC_ROOT_CLASS = YES_ERROR;
				CLANG_WARN_RANGE_LOOP_ANALYSIS = YES;
				CLANG_WARN_STRICT_PROTOTYPES = YES;
				CLANG_WARN_SUSPICIOUS_MOVE = YES;
				CLANG_WARN_UNGUARDED_AVAILABILITY = YES_AGGRESSIVE;
				CLANG_WARN_UNREACHABLE_CODE = YES;
				CLANG_WARN__DUPLICATE_METHOD_MATCH = YES;
				COPY_PHASE_STRIP = NO;
				DEBUG_INFORMATION_FORMAT = dwarf;
				ENABLE_STRICT_OBJC_MSGSEND = YES;
				ENABLE_TESTABILITY = YES;
				GCC_C_LANGUAGE_STANDARD = gnu11;
				GCC_DYNAMIC_NO_PIC = NO;
				GCC_NO_COMMON_BLOCKS = YES;
				GCC_OPTIMIZATION_LEVEL = 0;
				GCC_PREPROCESSOR_DEFINITIONS = (
					"DEBUG=1",
					"$(inherited)",
				);
				GCC_WARN_64_TO_32_BIT_CONVERSION = YES;
				GCC_WARN_ABOUT_RETURN_TYPE = YES_ERROR;
				GCC_WARN_UNDECLARED_SELECTOR = YES;
				GCC_WARN_UNINITIALIZED_AUTOS = YES_AGGRESSIVE;
				GCC_WARN_UNUSED_FUNCTION = YES;
				GCC_WARN_UNUSED_VARIABLE = YES;
				IPHONEOS_DEPLOYMENT_TARGET = 13.5;
				MTL_ENABLE_DEBUG_INFO = INCLUDE_SOURCE;
				MTL_FAST_MATH = YES;
				ONLY_ACTIVE_ARCH = YES;
				SDKROOT = iphoneos;
				SWIFT_ACTIVE_COMPILATION_CONDITIONS = DEBUG;
				SWIFT_OPTIMIZATION_LEVEL = "-Onone";
			};
			name = Debug;
		};
		BE2BE13B24A2494D00927A6E /* Release */ = {
			isa = XCBuildConfiguration;
			buildSettings = {
				ALWAYS_SEARCH_USER_PATHS = NO;
				CLANG_ANALYZER_NONNULL = YES;
				CLANG_ANALYZER_NUMBER_OBJECT_CONVERSION = YES_AGGRESSIVE;
				CLANG_CXX_LANGUAGE_STANDARD = "gnu++14";
				CLANG_CXX_LIBRARY = "libc++";
				CLANG_ENABLE_MODULES = YES;
				CLANG_ENABLE_OBJC_ARC = YES;
				CLANG_ENABLE_OBJC_WEAK = YES;
				CLANG_WARN_BLOCK_CAPTURE_AUTORELEASING = YES;
				CLANG_WARN_BOOL_CONVERSION = YES;
				CLANG_WARN_COMMA = YES;
				CLANG_WARN_CONSTANT_CONVERSION = YES;
				CLANG_WARN_DEPRECATED_OBJC_IMPLEMENTATIONS = YES;
				CLANG_WARN_DIRECT_OBJC_ISA_USAGE = YES_ERROR;
				CLANG_WARN_DOCUMENTATION_COMMENTS = YES;
				CLANG_WARN_EMPTY_BODY = YES;
				CLANG_WARN_ENUM_CONVERSION = YES;
				CLANG_WARN_INFINITE_RECURSION = YES;
				CLANG_WARN_INT_CONVERSION = YES;
				CLANG_WARN_NON_LITERAL_NULL_CONVERSION = YES;
				CLANG_WARN_OBJC_IMPLICIT_RETAIN_SELF = YES;
				CLANG_WARN_OBJC_LITERAL_CONVERSION = YES;
				CLANG_WARN_OBJC_ROOT_CLASS = YES_ERROR;
				CLANG_WARN_RANGE_LOOP_ANALYSIS = YES;
				CLANG_WARN_STRICT_PROTOTYPES = YES;
				CLANG_WARN_SUSPICIOUS_MOVE = YES;
				CLANG_WARN_UNGUARDED_AVAILABILITY = YES_AGGRESSIVE;
				CLANG_WARN_UNREACHABLE_CODE = YES;
				CLANG_WARN__DUPLICATE_METHOD_MATCH = YES;
				COPY_PHASE_STRIP = NO;
				DEBUG_INFORMATION_FORMAT = "dwarf-with-dsym";
				ENABLE_NS_ASSERTIONS = NO;
				ENABLE_STRICT_OBJC_MSGSEND = YES;
				GCC_C_LANGUAGE_STANDARD = gnu11;
				GCC_NO_COMMON_BLOCKS = YES;
				GCC_WARN_64_TO_32_BIT_CONVERSION = YES;
				GCC_WARN_ABOUT_RETURN_TYPE = YES_ERROR;
				GCC_WARN_UNDECLARED_SELECTOR = YES;
				GCC_WARN_UNINITIALIZED_AUTOS = YES_AGGRESSIVE;
				GCC_WARN_UNUSED_FUNCTION = YES;
				GCC_WARN_UNUSED_VARIABLE = YES;
				IPHONEOS_DEPLOYMENT_TARGET = 13.5;
				MTL_ENABLE_DEBUG_INFO = NO;
				MTL_FAST_MATH = YES;
				SDKROOT = iphoneos;
				SWIFT_COMPILATION_MODE = wholemodule;
				SWIFT_OPTIMIZATION_LEVEL = "-O";
				VALIDATE_PRODUCT = YES;
			};
			name = Release;
		};
		BE2BE13D24A2494D00927A6E /* Debug */ = {
			isa = XCBuildConfiguration;
			buildSettings = {
				ASSETCATALOG_COMPILER_APPICON_NAME = AppIcon;
				CODE_SIGN_STYLE = Automatic;
				DEVELOPMENT_ASSET_PATHS = "\"TodoApp/Preview Content\"";
				DEVELOPMENT_TEAM = NAJ3Y6TU5M;
				ENABLE_PREVIEWS = YES;
				INFOPLIST_FILE = TodoApp/Info.plist;
				LD_RUNPATH_SEARCH_PATHS = (
					"$(inherited)",
					"@executable_path/Frameworks",
				);
				PRODUCT_BUNDLE_IDENTIFIER = emreakinci.TodoApp;
				PRODUCT_NAME = "$(TARGET_NAME)";
				SWIFT_VERSION = 5.0;
				TARGETED_DEVICE_FAMILY = "1,2";
			};
			name = Debug;
		};
		BE2BE13E24A2494D00927A6E /* Release */ = {
			isa = XCBuildConfiguration;
			buildSettings = {
				ASSETCATALOG_COMPILER_APPICON_NAME = AppIcon;
				CODE_SIGN_STYLE = Automatic;
				DEVELOPMENT_ASSET_PATHS = "\"TodoApp/Preview Content\"";
				DEVELOPMENT_TEAM = NAJ3Y6TU5M;
				ENABLE_PREVIEWS = YES;
				INFOPLIST_FILE = TodoApp/Info.plist;
				LD_RUNPATH_SEARCH_PATHS = (
					"$(inherited)",
					"@executable_path/Frameworks",
				);
				PRODUCT_BUNDLE_IDENTIFIER = emreakinci.TodoApp;
				PRODUCT_NAME = "$(TARGET_NAME)";
				SWIFT_VERSION = 5.0;
				TARGETED_DEVICE_FAMILY = "1,2";
			};
			name = Release;
		};
		BE2BE14024A2494D00927A6E /* Debug */ = {
			isa = XCBuildConfiguration;
			buildSettings = {
				ALWAYS_EMBED_SWIFT_STANDARD_LIBRARIES = YES;
				BUNDLE_LOADER = "$(TEST_HOST)";
				CODE_SIGN_STYLE = Automatic;
				DEVELOPMENT_TEAM = NAJ3Y6TU5M;
				INFOPLIST_FILE = TodoAppTests/Info.plist;
				IPHONEOS_DEPLOYMENT_TARGET = 13.5;
				LD_RUNPATH_SEARCH_PATHS = (
					"$(inherited)",
					"@executable_path/Frameworks",
					"@loader_path/Frameworks",
				);
				PRODUCT_BUNDLE_IDENTIFIER = emreakinci.TodoAppTests;
				PRODUCT_NAME = "$(TARGET_NAME)";
				SWIFT_VERSION = 5.0;
				TARGETED_DEVICE_FAMILY = "1,2";
				TEST_HOST = "$(BUILT_PRODUCTS_DIR)/TodoApp.app/TodoApp";
			};
			name = Debug;
		};
		BE2BE14124A2494D00927A6E /* Release */ = {
			isa = XCBuildConfiguration;
			buildSettings = {
				ALWAYS_EMBED_SWIFT_STANDARD_LIBRARIES = YES;
				BUNDLE_LOADER = "$(TEST_HOST)";
				CODE_SIGN_STYLE = Automatic;
				DEVELOPMENT_TEAM = NAJ3Y6TU5M;
				INFOPLIST_FILE = TodoAppTests/Info.plist;
				IPHONEOS_DEPLOYMENT_TARGET = 13.5;
				LD_RUNPATH_SEARCH_PATHS = (
					"$(inherited)",
					"@executable_path/Frameworks",
					"@loader_path/Frameworks",
				);
				PRODUCT_BUNDLE_IDENTIFIER = emreakinci.TodoAppTests;
				PRODUCT_NAME = "$(TARGET_NAME)";
				SWIFT_VERSION = 5.0;
				TARGETED_DEVICE_FAMILY = "1,2";
				TEST_HOST = "$(BUILT_PRODUCTS_DIR)/TodoApp.app/TodoApp";
			};
			name = Release;
		};
		BE2BE14324A2494D00927A6E /* Debug */ = {
			isa = XCBuildConfiguration;
			buildSettings = {
				ALWAYS_EMBED_SWIFT_STANDARD_LIBRARIES = YES;
				CODE_SIGN_STYLE = Automatic;
				DEVELOPMENT_TEAM = NAJ3Y6TU5M;
				INFOPLIST_FILE = TodoAppUITests/Info.plist;
				LD_RUNPATH_SEARCH_PATHS = (
					"$(inherited)",
					"@executable_path/Frameworks",
					"@loader_path/Frameworks",
				);
				PRODUCT_BUNDLE_IDENTIFIER = emreakinci.TodoAppUITests;
				PRODUCT_NAME = "$(TARGET_NAME)";
				SWIFT_VERSION = 5.0;
				TARGETED_DEVICE_FAMILY = "1,2";
				TEST_TARGET_NAME = TodoApp;
			};
			name = Debug;
		};
		BE2BE14424A2494D00927A6E /* Release */ = {
			isa = XCBuildConfiguration;
			buildSettings = {
				ALWAYS_EMBED_SWIFT_STANDARD_LIBRARIES = YES;
				CODE_SIGN_STYLE = Automatic;
				DEVELOPMENT_TEAM = NAJ3Y6TU5M;
				INFOPLIST_FILE = TodoAppUITests/Info.plist;
				LD_RUNPATH_SEARCH_PATHS = (
					"$(inherited)",
					"@executable_path/Frameworks",
					"@loader_path/Frameworks",
				);
				PRODUCT_BUNDLE_IDENTIFIER = emreakinci.TodoAppUITests;
				PRODUCT_NAME = "$(TARGET_NAME)";
				SWIFT_VERSION = 5.0;
				TARGETED_DEVICE_FAMILY = "1,2";
				TEST_TARGET_NAME = TodoApp;
			};
			name = Release;
		};
/* End XCBuildConfiguration section */

/* Begin XCConfigurationList section */
		BE2BE10D24A2494B00927A6E /* Build configuration list for PBXProject "TodoApp" */ = {
			isa = XCConfigurationList;
			buildConfigurations = (
				BE2BE13A24A2494D00927A6E /* Debug */,
				BE2BE13B24A2494D00927A6E /* Release */,
			);
			defaultConfigurationIsVisible = 0;
			defaultConfigurationName = Release;
		};
		BE2BE13C24A2494D00927A6E /* Build configuration list for PBXNativeTarget "TodoApp" */ = {
			isa = XCConfigurationList;
			buildConfigurations = (
				BE2BE13D24A2494D00927A6E /* Debug */,
				BE2BE13E24A2494D00927A6E /* Release */,
			);
			defaultConfigurationIsVisible = 0;
			defaultConfigurationName = Release;
		};
		BE2BE13F24A2494D00927A6E /* Build configuration list for PBXNativeTarget "TodoAppTests" */ = {
			isa = XCConfigurationList;
			buildConfigurations = (
				BE2BE14024A2494D00927A6E /* Debug */,
				BE2BE14124A2494D00927A6E /* Release */,
			);
			defaultConfigurationIsVisible = 0;
			defaultConfigurationName = Release;
		};
		BE2BE14224A2494D00927A6E /* Build configuration list for PBXNativeTarget "TodoAppUITests" */ = {
			isa = XCConfigurationList;
			buildConfigurations = (
				BE2BE14324A2494D00927A6E /* Debug */,
				BE2BE14424A2494D00927A6E /* Release */,
			);
			defaultConfigurationIsVisible = 0;
			defaultConfigurationName = Release;
		};
/* End XCConfigurationList section */
	};
	rootObject = BE2BE10A24A2494B00927A6E /* Project object */;
}
